<?xml version="1.0" encoding="utf-8"?>
<Project ToolsVersion="4.0" xmlns="http://schemas.microsoft.com/developer/msbuild/2003">
  <ItemGroup>
    <Filter Include="test">
      <UniqueIdentifier>{804042d0-7714-48bb-801e-d1b052f3fed3}</UniqueIdentifier>
    </Filter>
  </ItemGroup>
  <ItemGroup>
    <ClCompile Include="..\..\libkngin_test\main.cpp">
      <Filter>test</Filter>
    </ClCompile>
    <ClCompile Include="..\..\libkngin_test\test.cpp">
      <Filter>test</Filter>
    </ClCompile>
    <ClCompile Include="..\..\libkngin_test\buffer_test.cpp">
      <Filter>test</Filter>
    </ClCompile>
    <ClCompile Include="..\..\libkngin_test\cond_test.cpp">
      <Filter>test</Filter>
    </ClCompile>
    <ClCompile Include="..\..\libkngin_test\event_loop_test.cpp">
      <Filter>test</Filter>
    </ClCompile>
    <ClCompile Include="..\..\libkngin_test\log_test.cpp">
      <Filter>test</Filter>
    </ClCompile>
    <ClCompile Include="..\..\libkngin_test\mutex_test.cpp">
      <Filter>test</Filter>
    </ClCompile>
    <ClCompile Include="..\..\libkngin_test\rwlock_test.cpp">
      <Filter>test</Filter>
    </ClCompile>
    <ClCompile Include="..\..\libkngin_test\thread_test.cpp">
      <Filter>test</Filter>
    </ClCompile>
    <ClCompile Include="..\..\libkngin_test\socket_test.cpp">
      <Filter>test</Filter>
    </ClCompile>
    <ClCompile Include="..\..\libkngin_test\sockopts_test.cpp">
      <Filter>test</Filter>
    </ClCompile>
  </ItemGroup>
  <ItemGroup>
    <ClInclude Include="..\..\libkngin_test\mylogfile.h">
      <Filter>test</Filter>
    </ClInclude>
  </ItemGroup>
</Project>